// !$*UTF8*$!
{
	archiveVersion = 1;
	classes = {
	};
	objectVersion = 56;
	objects = {

/* Begin PBXBuildFile section */
		PS000001 /* PicShrinkApp.swift in Sources */ = {isa = PBXBuildFile; fileRef = PS000020 /* PicShrinkApp.swift */; };
		PS000002 /* AppDelegate.swift in Sources */ = {isa = PBXBuildFile; fileRef = PS000021 /* AppDelegate.swift */; };
		PS000003 /* MenuBarPopoverView.swift in Sources */ = {isa = PBXBuildFile; fileRef = PS000022 /* MenuBarPopoverView.swift */; };
		PS000004 /* SettingsView.swift in Sources */ = {isa = PBXBuildFile; fileRef = PS000023 /* SettingsView.swift */; };
		PS000005 /* FileSelectorView.swift in Sources */ = {isa = PBXBuildFile; fileRef = PS000024 /* FileSelectorView.swift */; };
		PS000006 /* CompressionResultView.swift in Sources */ = {isa = PBXBuildFile; fileRef = PS000025 /* CompressionResultView.swift */; };
		PS000007 /* CompressionViewModel.swift in Sources */ = {isa = PBXBuildFile; fileRef = PS000026 /* CompressionViewModel.swift */; };
		PS000008 /* ImageCompressor.swift in Sources */ = {isa = PBXBuildFile; fileRef = PS000027 /* ImageCompressor.swift */; };
		PS000009 /* Localized.swift in Sources */ = {isa = PBXBuildFile; fileRef = PS000028 /* Localized.swift */; };
		PS00000A /* Assets.xcassets in Resources */ = {isa = PBXBuildFile; fileRef = PS000029 /* Assets.xcassets */; };
/* End PBXBuildFile section */

/* Begin PBXFileReference section */
		PS000020 /* PicShrinkApp.swift */ = {isa = PBXFileReference; lastKnownFileType = sourcecode.swift; path = PicShrinkApp.swift; sourceTree = "<group>"; };
		PS000021 /* AppDelegate.swift */ = {isa = PBXFileReference; lastKnownFileType = sourcecode.swift; path = AppDelegate.swift; sourceTree = "<group>"; };
		PS000022 /* MenuBarPopoverView.swift */ = {isa = PBXFileReference; lastKnownFileType = sourcecode.swift; path = MenuBarPopoverView.swift; sourceTree = "<group>"; };
		PS000023 /* SettingsView.swift */ = {isa = PBXFileReference; lastKnownFileType = sourcecode.swift; path = SettingsView.swift; sourceTree = "<group>"; };
		PS000024 /* FileSelectorView.swift */ = {isa = PBXFileReference; lastKnownFileType = sourcecode.swift; path = FileSelectorView.swift; sourceTree = "<group>"; };
		PS000025 /* CompressionResultView.swift */ = {isa = PBXFileReference; lastKnownFileType = sourcecode.swift; path = CompressionResultView.swift; sourceTree = "<group>"; };
		PS000026 /* CompressionViewModel.swift */ = {isa = PBXFileReference; lastKnownFileType = sourcecode.swift; path = CompressionViewModel.swift; sourceTree = "<group>"; };
		PS000027 /* ImageCompressor.swift */ = {isa = PBXFileReference; lastKnownFileType = sourcecode.swift; path = ImageCompressor.swift; sourceTree = "<group>"; };
		PS000028 /* Localized.swift */ = {isa = PBXFileReference; lastKnownFileType = sourcecode.swift; path = Localized.swift; sourceTree = "<group>"; };
		PS000029 /* Assets.xcassets */ = {isa = PBXFileReference; lastKnownFileType = folder.assetcatalog; path = Assets.xcassets; sourceTree = "<group>"; };
		PS000030 /* Info.plist */ = {isa = PBXFileReference; lastKnownFileType = text.plist.xml; path = Info.plist; sourceTree = "<group>"; };
		PS000035 /* PicShrink.app */ = {isa = PBXFileReference; explicitFileType = wrapper.application; includeInIndex = 0; path = PicShrink.app; sourceTree = BUILT_PRODUCTS_DIR; };
/* End PBXFileReference section */

/* Begin PBXGroup section */
		PS000040 /* PicShrink */ = {
			isa = PBXGroup;
			children = (
				PS000041 /* App */,
				PS000042 /* MenuBar */,
				PS000043 /* Views */,
				PS000044 /* ViewModels */,
				PS000045 /* Services */,
				PS000046 /* Utils */,
				PS000029 /* Assets.xcassets */,
				PS000030 /* Info.plist */,
			);
			path = PicShrink;
			sourceTree = "<group>";
		};
		PS000041 /* App */ = {
			isa = PBXGroup;
			children = (
				PS000020 /* PicShrinkApp.swift */,
				PS000021 /* AppDelegate.swift */,
			);
			path = App;
			sourceTree = "<group>";
		};
		PS000042 /* MenuBar */ = {
			isa = PBXGroup;
			children = (
				PS000022 /* MenuBarPopoverView.swift */,
			);
			path = MenuBar;
			sourceTree = "<group>";
		};
		PS000043 /* Views */ = {
			isa = PBXGroup;
			children = (
				PS000023 /* SettingsView.swift */,
				PS000024 /* FileSelectorView.swift */,
				PS000025 /* CompressionResultView.swift */,
			);
			path = Views;
			sourceTree = "<group>";
		};
		PS000044 /* ViewModels */ = {
			isa = PBXGroup;
			children = (
				PS000026 /* CompressionViewModel.swift */,
			);
			path = ViewModels;
			sourceTree = "<group>";
		};
		PS000045 /* Services */ = {
			isa = PBXGroup;
			children = (
				PS000027 /* ImageCompressor.swift */,
			);
			path = Services;
			sourceTree = "<group>";
		};
		PS000046 /* Utils */ = {
			isa = PBXGroup;
			children = (
				PS000028 /* Localized.swift */,
			);
			path = Utils;
			sourceTree = "<group>";
		};
		PS000048 /* Products */ = {
			isa = PBXGroup;
			children = (
				PS000035 /* PicShrink.app */,
			);
			name = Products;
			sourceTree = "<group>";
		};
		PS000049 = {
			isa = PBXGroup;
			children = (
				PS000040 /* PicShrink */,
				PS000048 /* Products */,
			);
			sourceTree = "<group>";
		};
/* End PBXGroup section */

/* Begin PBXNativeTarget section */
		PS000050 /* PicShrink */ = {
			isa = PBXNativeTarget;
			buildConfigurationList = PS000090 /* Build configuration list for PBXNativeTarget "PicShrink" */;
			buildPhases = (
				PS000071 /* Sources */,
				PS000070 /* Resources */,
			);
			buildRules = (
			);
			dependencies = (
			);
			name = PicShrink;
			productName = PicShrink;
			productReference = PS000035 /* PicShrink.app */;
			productType = "com.apple.product-type.application";
		};
/* End PBXNativeTarget section */

/* Begin PBXProject section */
		PS000060 /* Project object */ = {
			isa = PBXProject;
			attributes = {
				BuildIndependentTargetsInParallel = 1;
				LastSwiftUpdateCheck = 1600;
				LastUpgradeCheck = 1600;
			};
			buildConfigurationList = PS000091 /* Build configuration list for PBXProject "PicShrink" */;
			compatibilityVersion = "Xcode 14.0";
			developmentRegion = "en-US";
			hasScannedForEncodings = 0;
			knownRegions = (
				"en-US",
				Base,
				"zh-Hans",
				ja,
			);
			mainGroup = PS000049;
			productRefGroup = PS000048 /* Products */;
			projectDirPath = "";
			projectRoot = "";
			targets = (
				PS000050 /* PicShrink */,
			);
		};
/* End PBXProject section */

/* Begin PBXResourcesBuildPhase section */
		PS000070 /* Resources */ = {
			isa = PBXResourcesBuildPhase;
			buildActionMask = 2147483647;
			files = (
				PS00000A /* Assets.xcassets in Resources */,
			);
			runOnlyForDeploymentPostprocessing = 0;
		};
/* End PBXResourcesBuildPhase section */

/* Begin PBXSourcesBuildPhase section */
		PS000071 /* Sources */ = {
			isa = PBXSourcesBuildPhase;
			buildActionMask = 2147483647;
			files = (
				PS000001 /* PicShrinkApp.swift in Sources */,
				PS000002 /* AppDelegate.swift in Sources */,
				PS000003 /* MenuBarPopoverView.swift in Sources */,
				PS000004 /* SettingsView.swift in Sources */,
				PS000005 /* FileSelectorView.swift in Sources */,
				PS000006 /* CompressionResultView.swift in Sources */,
				PS000007 /* CompressionViewModel.swift in Sources */,
				PS000008 /* ImageCompressor.swift in Sources */,
				PS000009 /* Localized.swift in Sources */,
			);
			runOnlyForDeploymentPostprocessing = 0;
		};
/* End PBXSourcesBuildPhase section */

/* Begin XCBuildConfiguration section */
		PS000080 /* Debug */ = {
			isa = XCBuildConfiguration;
			buildSettings = {
				ASSETCATALOG_COMPILER_APPICON_NAME = AppIcon;
				CODE_SIGN_STYLE = Automatic;
				CURRENT_PROJECT_VERSION = 1;
				DEVELOPMENT_TEAM = 4DPU4Y3776;
				ENABLE_PREVIEWS = YES;
				GENERATE_INFOPLIST_FILE = NO;
				INFOPLIST_FILE = PicShrink/Info.plist;
				INFOPLIST_KEY_CFBundleDisplayName = PicShrink;
				INFOPLIST_KEY_LSMinimumSystemVersion = 14.0;
				INFOPLIST_KEY_NSHumanReadableCopyright = "Copyright © 2026. All rights reserved.";
				LD_RUNPATH_SEARCH_PATHS = (
					"$(inherited)",
					"@executable_path/../Frameworks",
				);
				MACOSX_DEPLOYMENT_TARGET = 14.0;
				MARKETING_VERSION = 1.0;
				PRODUCT_BUNDLE_IDENTIFIER = com.picshrink.app;
				PRODUCT_NAME = "$(TARGET_NAME)";
				SDKROOT = macosx;
				SWIFT_EMIT_LOC_STRINGS = YES;
				SWIFT_VERSION = 5.0;
			};
			name = Debug;
		};
		PS000081 /* Release */ = {
			isa = XCBuildConfiguration;
			buildSettings = {
				ASSETCATALOG_COMPILER_APPICON_NAME = AppIcon;
				CODE_SIGN_STYLE = Automatic;
				CURRENT_PROJECT_VERSION = 1;
				DEVELOPMENT_TEAM = 4DPU4Y3776;
				ENABLE_PREVIEWS = YES;
				GENERATE_INFOPLIST_FILE = NO;
				INFOPLIST_FILE = PicShrink/Info.plist;
				INFOPLIST_KEY_CFBundleDisplayName = PicShrink;
				INFOPLIST_KEY_LSMinimumSystemVersion = 14.0;
				INFOPLIST_KEY_NSHumanReadableCopyright = "Copyright © 2026. All rights reserved.";
				LD_RUNPATH_SEARCH_PATHS = (
					"$(inherited)",
					"@executable_path/../Frameworks",
				);
				MACOSX_DEPLOYMENT_TARGET = 14.0;
				MARKETING_VERSION = 1.0;
				PRODUCT_BUNDLE_IDENTIFIER = com.picshrink.app;
				PRODUCT_NAME = "$(TARGET_NAME)";
				SDKROOT = macosx;
				SWIFT_EMIT_LOC_STRINGS = YES;
				SWIFT_VERSION = 5.0;
			};
			name = Release;
		};
		PS000082 /* Debug */ = {
			isa = XCBuildConfiguration;
			buildSettings = {
				ALWAYS_SEARCH_USER_PATHS = NO;
				ASSETCATALOG_COMPILER_GENERATE_SWIFT_ASSET_SYMBOL_EXTENSIONS = YES;
				CLANG_ANALYZER_NONNULL = YES;
				CLANG_CXX_LANGUAGE_STANDARD = "gnu++20";
				CLANG_ENABLE_MODULES = YES;
				CLANG_ENABLE_OBJC_ARC = YES;
				COPY_PHASE_STRIP = NO;
				DEBUG_INFORMATION_FORMAT = dwarf;
				ENABLE_STRICT_OBJC_MSGSEND = YES;
				ENABLE_TESTABILITY = YES;
				GCC_DYNAMIC_NO_PIC = NO;
				GCC_OPTIMIZATION_LEVEL = 0;
				GCC_PREPROCESSOR_DEFINITIONS = (
					"DEBUG=1",
					"$(inherited)",
				);
				MACOSX_DEPLOYMENT_TARGET = 14.0;
				MTL_ENABLE_DEBUG_INFO = INCLUDE_SOURCE;
				ONLY_ACTIVE_ARCH = YES;
				SDKROOT = macosx;
				SWIFT_ACTIVE_COMPILATION_CONDITIONS = DEBUG;
				SWIFT_OPTIMIZATION_LEVEL = "-Onone";
			};
			name = Debug;
		};
		PS000083 /* Release */ = {
			isa = XCBuildConfiguration;
			buildSettings = {
				ALWAYS_SEARCH_USER_PATHS = NO;
				ASSETCATALOG_COMPILER_GENERATE_SWIFT_ASSET_SYMBOL_EXTENSIONS = YES;
				CLANG_ANALYZER_NONNULL = YES;
				CLANG_CXX_LANGUAGE_STANDARD = "gnu++20";
				CLANG_ENABLE_MODULES = YES;
				CLANG_ENABLE_OBJC_ARC = YES;
				COPY_PHASE_STRIP = NO;
				DEBUG_INFORMATION_FORMAT = "dwarf-with-dsym";
				ENABLE_NS_ASSERTIONS = NO;
				ENABLE_STRICT_OBJC_MSGSEND = YES;
				GCC_OPTIMIZATION_LEVEL = s;
				MACOSX_DEPLOYMENT_TARGET = 14.0;
				MTL_ENABLE_DEBUG_INFO = NO;
				SDKROOT = macosx;
				SWIFT_COMPILATION_MODE = wholemodule;
				SWIFT_OPTIMIZATION_LEVEL = "-O";
			};
			name = Release;
		};
/* End XCBuildConfiguration section */

/* Begin XCConfigurationList section */
		PS000090 /* Build configuration list for PBXNativeTarget "PicShrink" */ = {
			isa = XCConfigurationList;
			buildConfigurations = (
				PS000080 /* Debug */,
				PS000081 /* Release */,
			);
			defaultConfigurationIsVisible = 0;
			defaultConfigurationName = Release;
		};
		PS000091 /* Build configuration list for PBXProject "PicShrink" */ = {
			isa = XCConfigurationList;
			buildConfigurations = (
				PS000082 /* Debug */,
				PS000083 /* Release */,
			);
			defaultConfigurationIsVisible = 0;
			defaultConfigurationName = Release;
		};
/* End XCConfigurationList section */
	};
	rootObject = PS000060 /* Project object */;
}
